
Microsoft Visual Studio Solution File, Format Version 12.00
# Visual Studio Version 17
VisualStudioVersion = 17.12.35527.113 d17.12
MinimumVisualStudioVersion = 10.0.40219.1
Project("{FAE04EC0-301F-11D3-BF4B-00C04F79EFBC}") = "PG_29", "PG_29.csproj", "{897424DA-9256-4829-81C5-F7A92B03BF14}"
EndProject
Global
	GlobalSection(SolutionConfigurationPlatforms) = preSolution
		Debug|Any CPU = Debug|Any CPU
		Release|Any CPU = Release|Any CPU
	EndGlobalSection
	GlobalSection(ProjectConfigurationPlatforms) = postSolution
		{897424DA-9256-4829-81C5-F7A92B03BF14}.Debug|Any CPU.ActiveCfg = Debug|Any CPU
		{897424DA-9256-4829-81C5-F7A92B03BF14}.Debug|Any CPU.Build.0 = Debug|Any CPU
		{897424DA-9256-4829-81C5-F7A92B03BF14}.Release|Any CPU.ActiveCfg = Release|Any CPU
		{897424DA-9256-4829-81C5-F7A92B03BF14}.Release|Any CPU.Build.0 = Release|Any CPU
	EndGlobalSection
	GlobalSection(SolutionProperties) = preSolution
		HideSolutionNode = FALSE
	EndGlobalSection
EndGlobal
